// !$*UTF8*$!
{
	archiveVersion = 1;
	classes = {
	};
	objectVersion = 56;
	objects = {

/* Begin PBXBuildFile section */
		C653F49A2BBBFEFA002B831B /* UNI_PICApp.swift in Sources */ = {isa = PBXBuildFile; fileRef = C653F4992BBBFEFA002B831B /* UNI_PICApp.swift */; };
		C653F49E2BBBFEFD002B831B /* Assets.xcassets in Resources */ = {isa = PBXBuildFile; fileRef = C653F49D2BBBFEFD002B831B /* Assets.xcassets */; };
		C653F4A12BBBFEFD002B831B /* Preview Assets.xcassets in Resources */ = {isa = PBXBuildFile; fileRef = C653F4A02BBBFEFD002B831B /* Preview Assets.xcassets */; };
		C653F4AD2BBBFF84002B831B /* SignInView.swift in Sources */ = {isa = PBXBuildFile; fileRef = C653F4AC2BBBFF84002B831B /* SignInView.swift */; };
		C653F4B42BBC0F48002B831B /* FrameExtenstion.swift in Sources */ = {isa = PBXBuildFile; fileRef = C653F4B32BBC0F48002B831B /* FrameExtenstion.swift */; };
		C653F4B62BBC20D2002B831B /* JsonDecodeExtension.swift in Sources */ = {isa = PBXBuildFile; fileRef = C653F4B52BBC20D2002B831B /* JsonDecodeExtension.swift */; };
		C653F4B82BBC24D6002B831B /* SignUpView.swift in Sources */ = {isa = PBXBuildFile; fileRef = C653F4B72BBC24D6002B831B /* SignUpView.swift */; };
		C69AA0632BBD2511005045B4 /* ShareView.swift in Sources */ = {isa = PBXBuildFile; fileRef = C69AA0622BBD2511005045B4 /* ShareView.swift */; };
		C69AA0652BBD2522005045B4 /* MyAlbumView.swift in Sources */ = {isa = PBXBuildFile; fileRef = C69AA0642BBD2522005045B4 /* MyAlbumView.swift */; };
		C69AA0672BBD2529005045B4 /* EditVIew.swift in Sources */ = {isa = PBXBuildFile; fileRef = C69AA0662BBD2529005045B4 /* EditVIew.swift */; };
		C69AA0692BBD25D6005045B4 /* MainView.swift in Sources */ = {isa = PBXBuildFile; fileRef = C69AA0682BBD25D6005045B4 /* MainView.swift */; };
/* End PBXBuildFile section */

/* Begin PBXFileReference section */
		C653F4962BBBFEFA002B831B /* UNI_PIC.app */ = {isa = PBXFileReference; explicitFileType = wrapper.application; includeInIndex = 0; path = UNI_PIC.app; sourceTree = BUILT_PRODUCTS_DIR; };
		C653F4992BBBFEFA002B831B /* UNI_PICApp.swift */ = {isa = PBXFileReference; lastKnownFileType = sourcecode.swift; path = UNI_PICApp.swift; sourceTree = "<group>"; };
		C653F49D2BBBFEFD002B831B /* Assets.xcassets */ = {isa = PBXFileReference; lastKnownFileType = folder.assetcatalog; path = Assets.xcassets; sourceTree = "<group>"; };
		C653F4A02BBBFEFD002B831B /* Preview Assets.xcassets */ = {isa = PBXFileReference; lastKnownFileType = folder.assetcatalog; path = "Preview Assets.xcassets"; sourceTree = "<group>"; };
		C653F4A72BBBFF2D002B831B /* UNI-PIC-Info.plist */ = {isa = PBXFileReference; lastKnownFileType = text.plist; path = "UNI-PIC-Info.plist"; sourceTree = SOURCE_ROOT; };
		C653F4AC2BBBFF84002B831B /* SignInView.swift */ = {isa = PBXFileReference; lastKnownFileType = sourcecode.swift; path = SignInView.swift; sourceTree = "<group>"; };
		C653F4B32BBC0F48002B831B /* FrameExtenstion.swift */ = {isa = PBXFileReference; lastKnownFileType = sourcecode.swift; path = FrameExtenstion.swift; sourceTree = "<group>"; };
		C653F4B52BBC20D2002B831B /* JsonDecodeExtension.swift */ = {isa = PBXFileReference; lastKnownFileType = sourcecode.swift; path = JsonDecodeExtension.swift; sourceTree = "<group>"; };
		C653F4B72BBC24D6002B831B /* SignUpView.swift */ = {isa = PBXFileReference; lastKnownFileType = sourcecode.swift; path = SignUpView.swift; sourceTree = "<group>"; };
		C69AA0622BBD2511005045B4 /* ShareView.swift */ = {isa = PBXFileReference; lastKnownFileType = sourcecode.swift; path = ShareView.swift; sourceTree = "<group>"; };
		C69AA0642BBD2522005045B4 /* MyAlbumView.swift */ = {isa = PBXFileReference; lastKnownFileType = sourcecode.swift; path = MyAlbumView.swift; sourceTree = "<group>"; };
		C69AA0662BBD2529005045B4 /* EditVIew.swift */ = {isa = PBXFileReference; lastKnownFileType = sourcecode.swift; path = EditVIew.swift; sourceTree = "<group>"; };
		C69AA0682BBD25D6005045B4 /* MainView.swift */ = {isa = PBXFileReference; lastKnownFileType = sourcecode.swift; path = MainView.swift; sourceTree = "<group>"; };
/* End PBXFileReference section */

/* Begin PBXFrameworksBuildPhase section */
		C653F4932BBBFEFA002B831B /* Frameworks */ = {
			isa = PBXFrameworksBuildPhase;
			buildActionMask = 2147483647;
			files = (
			);
			runOnlyForDeploymentPostprocessing = 0;
		};
/* End PBXFrameworksBuildPhase section */

/* Begin PBXGroup section */
		C653F48D2BBBFEFA002B831B = {
			isa = PBXGroup;
			children = (
				C653F4982BBBFEFA002B831B /* UNI_PIC */,
				C653F4972BBBFEFA002B831B /* Products */,
			);
			sourceTree = "<group>";
		};
		C653F4972BBBFEFA002B831B /* Products */ = {
			isa = PBXGroup;
			children = (
				C653F4962BBBFEFA002B831B /* UNI_PIC.app */,
			);
			name = Products;
			sourceTree = "<group>";
		};
		C653F4982BBBFEFA002B831B /* UNI_PIC */ = {
			isa = PBXGroup;
			children = (
				C653F4B22BBC0E37002B831B /* Extenstions */,
				C653F4AB2BBBFF6F002B831B /* View */,
				C653F4AA2BBBFF68002B831B /* ViewModel */,
				C653F4A92BBBFF63002B831B /* Model */,
				C653F4A82BBBFF53002B831B /* App */,
				C653F4A72BBBFF2D002B831B /* UNI-PIC-Info.plist */,
				C653F49D2BBBFEFD002B831B /* Assets.xcassets */,
				C653F49F2BBBFEFD002B831B /* Preview Content */,
			);
			path = UNI_PIC;
			sourceTree = "<group>";
		};
		C653F49F2BBBFEFD002B831B /* Preview Content */ = {
			isa = PBXGroup;
			children = (
				C653F4A02BBBFEFD002B831B /* Preview Assets.xcassets */,
			);
			path = "Preview Content";
			sourceTree = "<group>";
		};
		C653F4A82BBBFF53002B831B /* App */ = {
			isa = PBXGroup;
			children = (
				C653F4992BBBFEFA002B831B /* UNI_PICApp.swift */,
				C69AA0682BBD25D6005045B4 /* MainView.swift */,
			);
			path = App;
			sourceTree = "<group>";
		};
		C653F4A92BBBFF63002B831B /* Model */ = {
			isa = PBXGroup;
			children = (
			);
			path = Model;
			sourceTree = "<group>";
		};
		C653F4AA2BBBFF68002B831B /* ViewModel */ = {
			isa = PBXGroup;
			children = (
			);
			path = ViewModel;
			sourceTree = "<group>";
		};
		C653F4AB2BBBFF6F002B831B /* View */ = {
			isa = PBXGroup;
			children = (
				C653F4B12BBC013D002B831B /* SignInPageView */,
				C653F4B02BBC0122002B831B /* MyAlbumView */,
				C653F4AF2BBC0112002B831B /* ShareVIew */,
				C653F4AE2BBC00FF002B831B /* EditView */,
			);
			path = View;
			sourceTree = "<group>";
		};
		C653F4AE2BBC00FF002B831B /* EditView */ = {
			isa = PBXGroup;
			children = (
				C69AA0662BBD2529005045B4 /* EditVIew.swift */,
			);
			path = EditView;
			sourceTree = "<group>";
		};
		C653F4AF2BBC0112002B831B /* ShareVIew */ = {
			isa = PBXGroup;
			children = (
				C69AA0622BBD2511005045B4 /* ShareView.swift */,
			);
			path = ShareVIew;
			sourceTree = "<group>";
		};
		C653F4B02BBC0122002B831B /* MyAlbumView */ = {
			isa = PBXGroup;
			children = (
				C69AA0642BBD2522005045B4 /* MyAlbumView.swift */,
			);
			path = MyAlbumView;
			sourceTree = "<group>";
		};
		C653F4B12BBC013D002B831B /* SignInPageView */ = {
			isa = PBXGroup;
			children = (
				C653F4B72BBC24D6002B831B /* SignUpView.swift */,
				C653F4AC2BBBFF84002B831B /* SignInView.swift */,
			);
			path = SignInPageView;
			sourceTree = "<group>";
		};
		C653F4B22BBC0E37002B831B /* Extenstions */ = {
			isa = PBXGroup;
			children = (
				C653F4B32BBC0F48002B831B /* FrameExtenstion.swift */,
				C653F4B52BBC20D2002B831B /* JsonDecodeExtension.swift */,
			);
			path = Extenstions;
			sourceTree = "<group>";
		};
/* End PBXGroup section */

/* Begin PBXNativeTarget section */
		C653F4952BBBFEFA002B831B /* UNI_PIC */ = {
			isa = PBXNativeTarget;
			buildConfigurationList = C653F4A42BBBFEFD002B831B /* Build configuration list for PBXNativeTarget "UNI_PIC" */;
			buildPhases = (
				C653F4922BBBFEFA002B831B /* Sources */,
				C653F4932BBBFEFA002B831B /* Frameworks */,
				C653F4942BBBFEFA002B831B /* Resources */,
			);
			buildRules = (
			);
			dependencies = (
			);
			name = UNI_PIC;
			productName = UNI_PIC;
			productReference = C653F4962BBBFEFA002B831B /* UNI_PIC.app */;
			productType = "com.apple.product-type.application";
		};
/* End PBXNativeTarget section */

/* Begin PBXProject section */
		C653F48E2BBBFEFA002B831B /* Project object */ = {
			isa = PBXProject;
			attributes = {
				BuildIndependentTargetsInParallel = 1;
				LastSwiftUpdateCheck = 1430;
				LastUpgradeCheck = 1430;
				TargetAttributes = {
					C653F4952BBBFEFA002B831B = {
						CreatedOnToolsVersion = 14.3.1;
					};
				};
			};
			buildConfigurationList = C653F4912BBBFEFA002B831B /* Build configuration list for PBXProject "UNI_PIC" */;
			compatibilityVersion = "Xcode 14.0";
			developmentRegion = en;
			hasScannedForEncodings = 0;
			knownRegions = (
				en,
				Base,
			);
			mainGroup = C653F48D2BBBFEFA002B831B;
			productRefGroup = C653F4972BBBFEFA002B831B /* Products */;
			projectDirPath = "";
			projectRoot = "";
			targets = (
				C653F4952BBBFEFA002B831B /* UNI_PIC */,
			);
		};
/* End PBXProject section */

/* Begin PBXResourcesBuildPhase section */
		C653F4942BBBFEFA002B831B /* Resources */ = {
			isa = PBXResourcesBuildPhase;
			buildActionMask = 2147483647;
			files = (
				C653F4A12BBBFEFD002B831B /* Preview Assets.xcassets in Resources */,
				C653F49E2BBBFEFD002B831B /* Assets.xcassets in Resources */,
			);
			runOnlyForDeploymentPostprocessing = 0;
		};
/* End PBXResourcesBuildPhase section */

/* Begin PBXSourcesBuildPhase section */
		C653F4922BBBFEFA002B831B /* Sources */ = {
			isa = PBXSourcesBuildPhase;
			buildActionMask = 2147483647;
			files = (
				C69AA0652BBD2522005045B4 /* MyAlbumView.swift in Sources */,
				C69AA0692BBD25D6005045B4 /* MainView.swift in Sources */,
				C653F4AD2BBBFF84002B831B /* SignInView.swift in Sources */,
				C69AA0672BBD2529005045B4 /* EditVIew.swift in Sources */,
				C653F4B82BBC24D6002B831B /* SignUpView.swift in Sources */,
				C69AA0632BBD2511005045B4 /* ShareView.swift in Sources */,
				C653F4B42BBC0F48002B831B /* FrameExtenstion.swift in Sources */,
				C653F49A2BBBFEFA002B831B /* UNI_PICApp.swift in Sources */,
				C653F4B62BBC20D2002B831B /* JsonDecodeExtension.swift in Sources */,
			);
			runOnlyForDeploymentPostprocessing = 0;
		};
/* End PBXSourcesBuildPhase section */

/* Begin XCBuildConfiguration section */
		C653F4A22BBBFEFD002B831B /* Debug */ = {
			isa = XCBuildConfiguration;
			buildSettings = {
				ALWAYS_SEARCH_USER_PATHS = NO;
				CLANG_ANALYZER_NONNULL = YES;
				CLANG_ANALYZER_NUMBER_OBJECT_CONVERSION = YES_AGGRESSIVE;
				CLANG_CXX_LANGUAGE_STANDARD = "gnu++20";
				CLANG_ENABLE_MODULES = YES;
				CLANG_ENABLE_OBJC_ARC = YES;
				CLANG_ENABLE_OBJC_WEAK = YES;
				CLANG_WARN_BLOCK_CAPTURE_AUTORELEASING = YES;
				CLANG_WARN_BOOL_CONVERSION = YES;
				CLANG_WARN_COMMA = YES;
				CLANG_WARN_CONSTANT_CONVERSION = YES;
				CLANG_WARN_DEPRECATED_OBJC_IMPLEMENTATIONS = YES;
				CLANG_WARN_DIRECT_OBJC_ISA_USAGE = YES_ERROR;
				CLANG_WARN_DOCUMENTATION_COMMENTS = YES;
				CLANG_WARN_EMPTY_BODY = YES;
				CLANG_WARN_ENUM_CONVERSION = YES;
				CLANG_WARN_INFINITE_RECURSION = YES;
				CLANG_WARN_INT_CONVERSION = YES;
				CLANG_WARN_NON_LITERAL_NULL_CONVERSION = YES;
				CLANG_WARN_OBJC_IMPLICIT_RETAIN_SELF = YES;
				CLANG_WARN_OBJC_LITERAL_CONVERSION = YES;
				CLANG_WARN_OBJC_ROOT_CLASS = YES_ERROR;
				CLANG_WARN_QUOTED_INCLUDE_IN_FRAMEWORK_HEADER = YES;
				CLANG_WARN_RANGE_LOOP_ANALYSIS = YES;
				CLANG_WARN_STRICT_PROTOTYPES = YES;
				CLANG_WARN_SUSPICIOUS_MOVE = YES;
				CLANG_WARN_UNGUARDED_AVAILABILITY = YES_AGGRESSIVE;
				CLANG_WARN_UNREACHABLE_CODE = YES;
				CLANG_WARN__DUPLICATE_METHOD_MATCH = YES;
				COPY_PHASE_STRIP = NO;
				DEBUG_INFORMATION_FORMAT = dwarf;
				ENABLE_STRICT_OBJC_MSGSEND = YES;
				ENABLE_TESTABILITY = YES;
				GCC_C_LANGUAGE_STANDARD = gnu11;
				GCC_DYNAMIC_NO_PIC = NO;
				GCC_NO_COMMON_BLOCKS = YES;
				GCC_OPTIMIZATION_LEVEL = 0;
				GCC_PREPROCESSOR_DEFINITIONS = (
					"DEBUG=1",
					"$(inherited)",
				);
				GCC_WARN_64_TO_32_BIT_CONVERSION = YES;
				GCC_WARN_ABOUT_RETURN_TYPE = YES_ERROR;
				GCC_WARN_UNDECLARED_SELECTOR = YES;
				GCC_WARN_UNINITIALIZED_AUTOS = YES_AGGRESSIVE;
				GCC_WARN_UNUSED_FUNCTION = YES;
				GCC_WARN_UNUSED_VARIABLE = YES;
				IPHONEOS_DEPLOYMENT_TARGET = 16.4;
				MTL_ENABLE_DEBUG_INFO = INCLUDE_SOURCE;
				MTL_FAST_MATH = YES;
				ONLY_ACTIVE_ARCH = YES;
				SDKROOT = iphoneos;
				SWIFT_ACTIVE_COMPILATION_CONDITIONS = DEBUG;
				SWIFT_OPTIMIZATION_LEVEL = "-Onone";
			};
			name = Debug;
		};
		C653F4A32BBBFEFD002B831B /* Release */ = {
			isa = XCBuildConfiguration;
			buildSettings = {
				ALWAYS_SEARCH_USER_PATHS = NO;
				CLANG_ANALYZER_NONNULL = YES;
				CLANG_ANALYZER_NUMBER_OBJECT_CONVERSION = YES_AGGRESSIVE;
				CLANG_CXX_LANGUAGE_STANDARD = "gnu++20";
				CLANG_ENABLE_MODULES = YES;
				CLANG_ENABLE_OBJC_ARC = YES;
				CLANG_ENABLE_OBJC_WEAK = YES;
				CLANG_WARN_BLOCK_CAPTURE_AUTORELEASING = YES;
				CLANG_WARN_BOOL_CONVERSION = YES;
				CLANG_WARN_COMMA = YES;
				CLANG_WARN_CONSTANT_CONVERSION = YES;
				CLANG_WARN_DEPRECATED_OBJC_IMPLEMENTATIONS = YES;
				CLANG_WARN_DIRECT_OBJC_ISA_USAGE = YES_ERROR;
				CLANG_WARN_DOCUMENTATION_COMMENTS = YES;
				CLANG_WARN_EMPTY_BODY = YES;
				CLANG_WARN_ENUM_CONVERSION = YES;
				CLANG_WARN_INFINITE_RECURSION = YES;
				CLANG_WARN_INT_CONVERSION = YES;
				CLANG_WARN_NON_LITERAL_NULL_CONVERSION = YES;
				CLANG_WARN_OBJC_IMPLICIT_RETAIN_SELF = YES;
				CLANG_WARN_OBJC_LITERAL_CONVERSION = YES;
				CLANG_WARN_OBJC_ROOT_CLASS = YES_ERROR;
				CLANG_WARN_QUOTED_INCLUDE_IN_FRAMEWORK_HEADER = YES;
				CLANG_WARN_RANGE_LOOP_ANALYSIS = YES;
				CLANG_WARN_STRICT_PROTOTYPES = YES;
				CLANG_WARN_SUSPICIOUS_MOVE = YES;
				CLANG_WARN_UNGUARDED_AVAILABILITY = YES_AGGRESSIVE;
				CLANG_WARN_UNREACHABLE_CODE = YES;
				CLANG_WARN__DUPLICATE_METHOD_MATCH = YES;
				COPY_PHASE_STRIP = NO;
				DEBUG_INFORMATION_FORMAT = "dwarf-with-dsym";
				ENABLE_NS_ASSERTIONS = NO;
				ENABLE_STRICT_OBJC_MSGSEND = YES;
				GCC_C_LANGUAGE_STANDARD = gnu11;
				GCC_NO_COMMON_BLOCKS = YES;
				GCC_WARN_64_TO_32_BIT_CONVERSION = YES;
				GCC_WARN_ABOUT_RETURN_TYPE = YES_ERROR;
				GCC_WARN_UNDECLARED_SELECTOR = YES;
				GCC_WARN_UNINITIALIZED_AUTOS = YES_AGGRESSIVE;
				GCC_WARN_UNUSED_FUNCTION = YES;
				GCC_WARN_UNUSED_VARIABLE = YES;
				IPHONEOS_DEPLOYMENT_TARGET = 16.4;
				MTL_ENABLE_DEBUG_INFO = NO;
				MTL_FAST_MATH = YES;
				SDKROOT = iphoneos;
				SWIFT_COMPILATION_MODE = wholemodule;
				SWIFT_OPTIMIZATION_LEVEL = "-O";
				VALIDATE_PRODUCT = YES;
			};
			name = Release;
		};
		C653F4A52BBBFEFD002B831B /* Debug */ = {
			isa = XCBuildConfiguration;
			buildSettings = {
				ASSETCATALOG_COMPILER_APPICON_NAME = AppIcon;
				ASSETCATALOG_COMPILER_GLOBAL_ACCENT_COLOR_NAME = AccentColor;
				CODE_SIGN_STYLE = Automatic;
				CURRENT_PROJECT_VERSION = 1;
				DEVELOPMENT_ASSET_PATHS = "\"UNI_PIC/Preview Content\"";
				ENABLE_PREVIEWS = YES;
				GENERATE_INFOPLIST_FILE = YES;
				INFOPLIST_FILE = "UNI-PIC-Info.plist";
				INFOPLIST_KEY_UIApplicationSceneManifest_Generation = YES;
				INFOPLIST_KEY_UIApplicationSupportsIndirectInputEvents = YES;
				INFOPLIST_KEY_UILaunchScreen_Generation = YES;
				INFOPLIST_KEY_UISupportedInterfaceOrientations_iPad = "UIInterfaceOrientationPortrait UIInterfaceOrientationPortraitUpsideDown UIInterfaceOrientationLandscapeLeft UIInterfaceOrientationLandscapeRight";
				INFOPLIST_KEY_UISupportedInterfaceOrientations_iPhone = "UIInterfaceOrientationPortrait UIInterfaceOrientationLandscapeLeft UIInterfaceOrientationLandscapeRight";
				LD_RUNPATH_SEARCH_PATHS = (
					"$(inherited)",
					"@executable_path/Frameworks",
				);
				MARKETING_VERSION = 1.0;
				PRODUCT_BUNDLE_IDENTIFIER = "alg.UNI-PIC";
				PRODUCT_NAME = "$(TARGET_NAME)";
				SWIFT_EMIT_LOC_STRINGS = YES;
				SWIFT_VERSION = 5.0;
				TARGETED_DEVICE_FAMILY = "1,2";
			};
			name = Debug;
		};
		C653F4A62BBBFEFD002B831B /* Release */ = {
			isa = XCBuildConfiguration;
			buildSettings = {
				ASSETCATALOG_COMPILER_APPICON_NAME = AppIcon;
				ASSETCATALOG_COMPILER_GLOBAL_ACCENT_COLOR_NAME = AccentColor;
				CODE_SIGN_STYLE = Automatic;
				CURRENT_PROJECT_VERSION = 1;
				DEVELOPMENT_ASSET_PATHS = "\"UNI_PIC/Preview Content\"";
				ENABLE_PREVIEWS = YES;
				GENERATE_INFOPLIST_FILE = YES;
				INFOPLIST_FILE = "UNI-PIC-Info.plist";
				INFOPLIST_KEY_UIApplicationSceneManifest_Generation = YES;
				INFOPLIST_KEY_UIApplicationSupportsIndirectInputEvents = YES;
				INFOPLIST_KEY_UILaunchScreen_Generation = YES;
				INFOPLIST_KEY_UISupportedInterfaceOrientations_iPad = "UIInterfaceOrientationPortrait UIInterfaceOrientationPortraitUpsideDown UIInterfaceOrientationLandscapeLeft UIInterfaceOrientationLandscapeRight";
				INFOPLIST_KEY_UISupportedInterfaceOrientations_iPhone = "UIInterfaceOrientationPortrait UIInterfaceOrientationLandscapeLeft UIInterfaceOrientationLandscapeRight";
				LD_RUNPATH_SEARCH_PATHS = (
					"$(inherited)",
					"@executable_path/Frameworks",
				);
				MARKETING_VERSION = 1.0;
				PRODUCT_BUNDLE_IDENTIFIER = "alg.UNI-PIC";
				PRODUCT_NAME = "$(TARGET_NAME)";
				SWIFT_EMIT_LOC_STRINGS = YES;
				SWIFT_VERSION = 5.0;
				TARGETED_DEVICE_FAMILY = "1,2";
			};
			name = Release;
		};
/* End XCBuildConfiguration section */

/* Begin XCConfigurationList section */
		C653F4912BBBFEFA002B831B /* Build configuration list for PBXProject "UNI_PIC" */ = {
			isa = XCConfigurationList;
			buildConfigurations = (
				C653F4A22BBBFEFD002B831B /* Debug */,
				C653F4A32BBBFEFD002B831B /* Release */,
			);
			defaultConfigurationIsVisible = 0;
			defaultConfigurationName = Release;
		};
		C653F4A42BBBFEFD002B831B /* Build configuration list for PBXNativeTarget "UNI_PIC" */ = {
			isa = XCConfigurationList;
			buildConfigurations = (
				C653F4A52BBBFEFD002B831B /* Debug */,
				C653F4A62BBBFEFD002B831B /* Release */,
			);
			defaultConfigurationIsVisible = 0;
			defaultConfigurationName = Release;
		};
/* End XCConfigurationList section */
	};
	rootObject = C653F48E2BBBFEFA002B831B /* Project object */;
}
